
Microsoft Visual Studio Solution File, Format Version 12.00
# Visual Studio 15
Project("{FAE04EC0-301F-11D3-BF4B-00C04F79EFBC}") = "NavMeshComponents", "NavMeshComponents.csproj", "{9057D965-8224-45A7-BB2F-E449A286A22E}"
EndProject
Project("{FAE04EC0-301F-11D3-BF4B-00C04F79EFBC}") = "Assembly-CSharp", "Assembly-CSharp.csproj", "{7A72BA45-4B95-42E1-2145-3F9B6035CCCA}"
EndProject
Project("{FAE04EC0-301F-11D3-BF4B-00C04F79EFBC}") = "NavMeshComponentsEditor", "NavMeshComponentsEditor.csproj", "{880E1BD2-D5C6-9BCC-6FE3-593A13510752}"
EndProject
Global
	GlobalSection(SolutionConfigurationPlatforms) = preSolution
		Debug|Any CPU = Debug|Any CPU
		Release|Any CPU = Release|Any CPU
	EndGlobalSection
	GlobalSection(ProjectConfigurationPlatforms) = postSolution
		{9057D965-8224-45A7-BB2F-E449A286A22E}.Debug|Any CPU.ActiveCfg = Debug|Any CPU
		{9057D965-8224-45A7-BB2F-E449A286A22E}.Debug|Any CPU.Build.0 = Debug|Any CPU
		{9057D965-8224-45A7-BB2F-E449A286A22E}.Release|Any CPU.ActiveCfg = Release|Any CPU
		{9057D965-8224-45A7-BB2F-E449A286A22E}.Release|Any CPU.Build.0 = Release|Any CPU
		{7A72BA45-4B95-42E1-2145-3F9B6035CCCA}.Debug|Any CPU.ActiveCfg = Debug|Any CPU
		{7A72BA45-4B95-42E1-2145-3F9B6035CCCA}.Debug|Any CPU.Build.0 = Debug|Any CPU
		{7A72BA45-4B95-42E1-2145-3F9B6035CCCA}.Release|Any CPU.ActiveCfg = Release|Any CPU
		{7A72BA45-4B95-42E1-2145-3F9B6035CCCA}.Release|Any CPU.Build.0 = Release|Any CPU
		{880E1BD2-D5C6-9BCC-6FE3-593A13510752}.Debug|Any CPU.ActiveCfg = Debug|Any CPU
		{880E1BD2-D5C6-9BCC-6FE3-593A13510752}.Debug|Any CPU.Build.0 = Debug|Any CPU
		{880E1BD2-D5C6-9BCC-6FE3-593A13510752}.Release|Any CPU.ActiveCfg = Release|Any CPU
		{880E1BD2-D5C6-9BCC-6FE3-593A13510752}.Release|Any CPU.Build.0 = Release|Any CPU
	EndGlobalSection
	GlobalSection(SolutionProperties) = preSolution
		HideSolutionNode = FALSE
	EndGlobalSection
EndGlobal
